
Microsoft Visual Studio Solution File, Format Version 12.00
# Visual Studio Version 16
VisualStudioVersion = 16.0.28803.352
MinimumVisualStudioVersion = 10.0.40219.1
Project("{9A19103F-16F7-4668-BE54-9A1E7A4F7556}") = "ScenarioBuilder", "ScenarioBuilder\ScenarioBuilder.csproj", "{CC82F821-5C63-407D-B1A4-CF2D2CDDD906}"
EndProject
Project("{9A19103F-16F7-4668-BE54-9A1E7A4F7556}") = "Console", "Console\Console.csproj", "{7208595C-36F5-4856-BBDB-D4CEF1DAEC0B}"
EndProject
Project("{9A19103F-16F7-4668-BE54-9A1E7A4F7556}") = "AutomationTests", "AutomationTests\AutomationTests.csproj", "{F4DB137C-EBF9-4CF4-9351-9F5BFF9B4C13}"
EndProject
Global
	GlobalSection(SolutionConfigurationPlatforms) = preSolution
		Debug|Any CPU = Debug|Any CPU
		Release|Any CPU = Release|Any CPU
	EndGlobalSection
	GlobalSection(ProjectConfigurationPlatforms) = postSolution
		{CC82F821-5C63-407D-B1A4-CF2D2CDDD906}.Debug|Any CPU.ActiveCfg = Debug|Any CPU
		{CC82F821-5C63-407D-B1A4-CF2D2CDDD906}.Debug|Any CPU.Build.0 = Debug|Any CPU
		{CC82F821-5C63-407D-B1A4-CF2D2CDDD906}.Release|Any CPU.ActiveCfg = Release|Any CPU
		{CC82F821-5C63-407D-B1A4-CF2D2CDDD906}.Release|Any CPU.Build.0 = Release|Any CPU
		{7208595C-36F5-4856-BBDB-D4CEF1DAEC0B}.Debug|Any CPU.ActiveCfg = Debug|Any CPU
		{7208595C-36F5-4856-BBDB-D4CEF1DAEC0B}.Debug|Any CPU.Build.0 = Debug|Any CPU
		{7208595C-36F5-4856-BBDB-D4CEF1DAEC0B}.Release|Any CPU.ActiveCfg = Release|Any CPU
		{7208595C-36F5-4856-BBDB-D4CEF1DAEC0B}.Release|Any CPU.Build.0 = Release|Any CPU
		{F4DB137C-EBF9-4CF4-9351-9F5BFF9B4C13}.Debug|Any CPU.ActiveCfg = Debug|Any CPU
		{F4DB137C-EBF9-4CF4-9351-9F5BFF9B4C13}.Debug|Any CPU.Build.0 = Debug|Any CPU
		{F4DB137C-EBF9-4CF4-9351-9F5BFF9B4C13}.Release|Any CPU.ActiveCfg = Release|Any CPU
		{F4DB137C-EBF9-4CF4-9351-9F5BFF9B4C13}.Release|Any CPU.Build.0 = Release|Any CPU
	EndGlobalSection
	GlobalSection(SolutionProperties) = preSolution
		HideSolutionNode = FALSE
	EndGlobalSection
	GlobalSection(ExtensibilityGlobals) = postSolution
		SolutionGuid = {9BF06D9C-33A6-4D9C-990C-A3D1F78910F5}
	EndGlobalSection
EndGlobal
